
Microsoft Visual Studio Solution File, Format Version 12.00
# Visual Studio Version 17
VisualStudioVersion = 17.14.36127.28 d17.14
MinimumVisualStudioVersion = 10.0.40219.1
Project("{FAE04EC0-301F-11D3-BF4B-00C04F79EFBC}") = "MissingNumber", "MissingNumber\MissingNumber.csproj", "{537D9346-D70A-439D-A9DD-975A3E3D094D}"
EndProject
Global
	GlobalSection(SolutionConfigurationPlatforms) = preSolution
		Debug|Any CPU = Debug|Any CPU
		Release|Any CPU = Release|Any CPU
	EndGlobalSection
	GlobalSection(ProjectConfigurationPlatforms) = postSolution
		{537D9346-D70A-439D-A9DD-975A3E3D094D}.Debug|Any CPU.ActiveCfg = Debug|Any CPU
		{537D9346-D70A-439D-A9DD-975A3E3D094D}.Debug|Any CPU.Build.0 = Debug|Any CPU
		{537D9346-D70A-439D-A9DD-975A3E3D094D}.Release|Any CPU.ActiveCfg = Release|Any CPU
		{537D9346-D70A-439D-A9DD-975A3E3D094D}.Release|Any CPU.Build.0 = Release|Any CPU
	EndGlobalSection
	GlobalSection(SolutionProperties) = preSolution
		HideSolutionNode = FALSE
	EndGlobalSection
	GlobalSection(ExtensibilityGlobals) = postSolution
		SolutionGuid = {8F6F5DE9-D3E9-4FCB-BD5B-AAD56DF6498D}
	EndGlobalSection
EndGlobal
